
Microsoft Visual Studio Solution File, Format Version 12.00
# Visual Studio Version 17
VisualStudioVersion = 17.10.35122.118
MinimumVisualStudioVersion = 10.0.40219.1
Project("{FAE04EC0-301F-11D3-BF4B-00C04F79EFBC}") = "EchoVid", "EchoVid.csproj", "{4D984CB4-7A43-4977-88CC-81E502F3CB92}"
EndProject
Global
	GlobalSection(SolutionConfigurationPlatforms) = preSolution
		Debug|Any CPU = Debug|Any CPU
		Release|Any CPU = Release|Any CPU
	EndGlobalSection
	GlobalSection(ProjectConfigurationPlatforms) = postSolution
		{4D984CB4-7A43-4977-88CC-81E502F3CB92}.Debug|Any CPU.ActiveCfg = Debug|Any CPU
		{4D984CB4-7A43-4977-88CC-81E502F3CB92}.Debug|Any CPU.Build.0 = Debug|Any CPU
		{4D984CB4-7A43-4977-88CC-81E502F3CB92}.Debug|Any CPU.Deploy.0 = Debug|Any CPU
		{4D984CB4-7A43-4977-88CC-81E502F3CB92}.Release|Any CPU.ActiveCfg = Release|Any CPU
		{4D984CB4-7A43-4977-88CC-81E502F3CB92}.Release|Any CPU.Build.0 = Release|Any CPU
		{4D984CB4-7A43-4977-88CC-81E502F3CB92}.Release|Any CPU.Deploy.0 = Release|Any CPU
	EndGlobalSection
	GlobalSection(SolutionProperties) = preSolution
		HideSolutionNode = FALSE
	EndGlobalSection
	GlobalSection(ExtensibilityGlobals) = postSolution
		SolutionGuid = {635B8AA8-9661-4EE4-A988-407F2D27683D}
	EndGlobalSection
EndGlobal
